
Microsoft Visual Studio Solution File, Format Version 12.00
# Visual Studio Version 17
VisualStudioVersion = 17.0.31903.59
MinimumVisualStudioVersion = 10.0.40219.1
Project("{9A19103F-16F7-4668-BE54-9A1E7A4F7556}") = "SunamoShared.Tests", "SunamoShared.Tests\SunamoShared.Tests.csproj", "{F91E6DC8-CC4E-429C-B385-3E58C8C7EEA4}"
EndProject
Project("{FAE04EC0-301F-11D3-BF4B-00C04F79EFBC}") = "RunnerShared", "RunnerShared\RunnerShared.csproj", "{7881D081-B966-4BBC-A831-2E3A2B3A9026}"
EndProject
Project("{FAE04EC0-301F-11D3-BF4B-00C04F79EFBC}") = "SunamoShared", "SunamoShared\SunamoShared.csproj", "{6DA927F3-ACA7-48A2-9B03-1353EBE40195}"
EndProject
Global
	GlobalSection(SolutionConfigurationPlatforms) = preSolution
		Debug|Any CPU = Debug|Any CPU
		Debug|x64 = Debug|x64
		Debug|x86 = Debug|x86
		Release|Any CPU = Release|Any CPU
		Release|x64 = Release|x64
		Release|x86 = Release|x86
	EndGlobalSection
	GlobalSection(ProjectConfigurationPlatforms) = postSolution
		{F91E6DC8-CC4E-429C-B385-3E58C8C7EEA4}.Debug|Any CPU.ActiveCfg = Debug|Any CPU
		{F91E6DC8-CC4E-429C-B385-3E58C8C7EEA4}.Debug|Any CPU.Build.0 = Debug|Any CPU
		{F91E6DC8-CC4E-429C-B385-3E58C8C7EEA4}.Debug|x64.ActiveCfg = Debug|Any CPU
		{F91E6DC8-CC4E-429C-B385-3E58C8C7EEA4}.Debug|x64.Build.0 = Debug|Any CPU
		{F91E6DC8-CC4E-429C-B385-3E58C8C7EEA4}.Debug|x86.ActiveCfg = Debug|Any CPU
		{F91E6DC8-CC4E-429C-B385-3E58C8C7EEA4}.Debug|x86.Build.0 = Debug|Any CPU
		{F91E6DC8-CC4E-429C-B385-3E58C8C7EEA4}.Release|Any CPU.ActiveCfg = Release|Any CPU
		{F91E6DC8-CC4E-429C-B385-3E58C8C7EEA4}.Release|Any CPU.Build.0 = Release|Any CPU
		{F91E6DC8-CC4E-429C-B385-3E58C8C7EEA4}.Release|x64.ActiveCfg = Release|Any CPU
		{F91E6DC8-CC4E-429C-B385-3E58C8C7EEA4}.Release|x64.Build.0 = Release|Any CPU
		{F91E6DC8-CC4E-429C-B385-3E58C8C7EEA4}.Release|x86.ActiveCfg = Release|Any CPU
		{F91E6DC8-CC4E-429C-B385-3E58C8C7EEA4}.Release|x86.Build.0 = Release|Any CPU
		{7881D081-B966-4BBC-A831-2E3A2B3A9026}.Debug|Any CPU.ActiveCfg = Debug|Any CPU
		{7881D081-B966-4BBC-A831-2E3A2B3A9026}.Debug|Any CPU.Build.0 = Debug|Any CPU
		{7881D081-B966-4BBC-A831-2E3A2B3A9026}.Debug|x64.ActiveCfg = Debug|Any CPU
		{7881D081-B966-4BBC-A831-2E3A2B3A9026}.Debug|x64.Build.0 = Debug|Any CPU
		{7881D081-B966-4BBC-A831-2E3A2B3A9026}.Debug|x86.ActiveCfg = Debug|Any CPU
		{7881D081-B966-4BBC-A831-2E3A2B3A9026}.Debug|x86.Build.0 = Debug|Any CPU
		{7881D081-B966-4BBC-A831-2E3A2B3A9026}.Release|Any CPU.ActiveCfg = Release|Any CPU
		{7881D081-B966-4BBC-A831-2E3A2B3A9026}.Release|Any CPU.Build.0 = Release|Any CPU
		{7881D081-B966-4BBC-A831-2E3A2B3A9026}.Release|x64.ActiveCfg = Release|Any CPU
		{7881D081-B966-4BBC-A831-2E3A2B3A9026}.Release|x64.Build.0 = Release|Any CPU
		{7881D081-B966-4BBC-A831-2E3A2B3A9026}.Release|x86.ActiveCfg = Release|Any CPU
		{7881D081-B966-4BBC-A831-2E3A2B3A9026}.Release|x86.Build.0 = Release|Any CPU
		{6DA927F3-ACA7-48A2-9B03-1353EBE40195}.Debug|Any CPU.ActiveCfg = Debug|Any CPU
		{6DA927F3-ACA7-48A2-9B03-1353EBE40195}.Debug|Any CPU.Build.0 = Debug|Any CPU
		{6DA927F3-ACA7-48A2-9B03-1353EBE40195}.Debug|x64.ActiveCfg = Debug|Any CPU
		{6DA927F3-ACA7-48A2-9B03-1353EBE40195}.Debug|x64.Build.0 = Debug|Any CPU
		{6DA927F3-ACA7-48A2-9B03-1353EBE40195}.Debug|x86.ActiveCfg = Debug|Any CPU
		{6DA927F3-ACA7-48A2-9B03-1353EBE40195}.Debug|x86.Build.0 = Debug|Any CPU
		{6DA927F3-ACA7-48A2-9B03-1353EBE40195}.Release|Any CPU.ActiveCfg = Release|Any CPU
		{6DA927F3-ACA7-48A2-9B03-1353EBE40195}.Release|Any CPU.Build.0 = Release|Any CPU
		{6DA927F3-ACA7-48A2-9B03-1353EBE40195}.Release|x64.ActiveCfg = Release|Any CPU
		{6DA927F3-ACA7-48A2-9B03-1353EBE40195}.Release|x64.Build.0 = Release|Any CPU
		{6DA927F3-ACA7-48A2-9B03-1353EBE40195}.Release|x86.ActiveCfg = Release|Any CPU
		{6DA927F3-ACA7-48A2-9B03-1353EBE40195}.Release|x86.Build.0 = Release|Any CPU
	EndGlobalSection
	GlobalSection(SolutionProperties) = preSolution
		HideSolutionNode = FALSE
	EndGlobalSection
	GlobalSection(ExtensibilityGlobals) = postSolution
		SolutionGuid = {BBF3A9F6-71FA-468C-937C-30DCD27454CE}
	EndGlobalSection
EndGlobal
